{
  "name": "@loongphy/codex-auth",
  "version": "0.2.3-alpha.1",
  "lockfileVersion": 3,
  "requires": true,
  "packages": {
    "": {
      "name": "@loongphy/codex-auth",
      "version": "0.2.3-alpha.1",
      "license": "MIT",
      "bin": {
        "codex-auth": "bin/codex-auth.js"
      },
      "engines": {
        "node": ">=18"
      },
      "optionalDependencies": {
        "@loongphy/codex-auth-darwin-arm64": "0.2.3-alpha.1",
        "@loongphy/codex-auth-darwin-x64": "0.2.3-alpha.1",
        "@loongphy/codex-auth-linux-x64": "0.2.3-alpha.1",
        "@loongphy/codex-auth-win32-x64": "0.2.3-alpha.1"
      }
    },
    "node_modules/@loongphy/codex-auth-darwin-arm64": {
      "version": "0.2.3-alpha.1",
      "resolved": "https://registry.npmjs.org/@loongphy/codex-auth-darwin-arm64/-/codex-auth-darwin-arm64-0.2.3-alpha.1.tgz",
      "integrity": "sha512-bI+ShxmtaN67BRf3fl6Qq7HPcH16g9tCKD9x/KvzysefWT4PHkbeA2EFpsGi4F6kI9EDa11P/znoReHhfqNZmA==",
      "cpu": [
        "arm64"
      ],
      "license": "MIT",
      "optional": true,
      "os": [
        "darwin"
      ]
    },
    "node_modules/@loongphy/codex-auth-darwin-x64": {
      "version": "0.2.3-alpha.1",
      "resolved": "https://registry.npmjs.org/@loongphy/codex-auth-darwin-x64/-/codex-auth-darwin-x64-0.2.3-alpha.1.tgz",
      "integrity": "sha512-zHRYjF+kGVr2j/K5uf8AoCzesBqIZPorrl2S6cyOUhyvjDR1mjaZIbog+fts1iJgO1GwxgfINziHzZlByS6ofw==",
      "cpu": [
        "x64"
      ],
      "license": "MIT",
      "optional": true,
      "os": [
        "darwin"
      ]
    },
    "node_modules/@loongphy/codex-auth-linux-x64": {
      "version": "0.2.3-alpha.1",
      "resolved": "https://registry.npmjs.org/@loongphy/codex-auth-linux-x64/-/codex-auth-linux-x64-0.2.3-alpha.1.tgz",
      "integrity": "sha512-V66q/X7eKlUjPgtq6jK86vcrccqP5GJL8eBYhoXuPD3dNjpLs1UKdCxs42jcy0ee3wgWC6R2nBW2QAhgyNTdlQ==",
      "cpu": [
        "x64"
      ],
      "license": "MIT",
      "optional": true,
      "os": [
        "linux"
      ]
    },
    "node_modules/@loongphy/codex-auth-win32-x64": {
      "version": "0.2.3-alpha.1",
      "resolved": "https://registry.npmjs.org/@loongphy/codex-auth-win32-x64/-/codex-auth-win32-x64-0.2.3-alpha.1.tgz",
      "integrity": "sha512-i4KHgaTFV4KM3+OFrXey3XciQmIuR4n6hJVadw36lf+3irZBC8sP+B5T6Sv/hZRCbkKG+L3WfObNB1eEV+M3NQ==",
      "cpu": [
        "x64"
      ],
      "license": "MIT",
      "optional": true,
      "os": [
        "win32"
      ]
    }
  }
}
